{
  "name": "MenteNova",
  "lockfileVersion": 3,
  "requires": true,
  "packages": {
    "": {
      "dependencies": {
        "fullcalendar": "^6.1.6",
        "fullcalendar-scheduler": "^6.1.6"
      }
    },
    "node_modules/@fullcalendar/adaptive": {
      "version": "6.1.6",
      "resolved": "https://registry.npmjs.org/@fullcalendar/adaptive/-/adaptive-6.1.6.tgz",
      "integrity": "sha512-DkzsZKVaoEAswZgsTjpFaxNeED7fPkdH2Uztq7vJ6BoAjFHMvVqdAiQwrnzO1MTkNf1Vd9EH6SEGUCeg2rbL3g==",
      "dependencies": {
        "@fullcalendar/premium-common": "~6.1.6"
      },
      "peerDependencies": {
        "@fullcalendar/core": "~6.1.6"
      }
    },
    "node_modules/@fullcalendar/core": {
      "version": "6.1.6",
      "resolved": "https://registry.npmjs.org/@fullcalendar/core/-/core-6.1.6.tgz",
      "integrity": "sha512-Q/3pWgOv7qr/eVpuDz+05jxJZSg7Fdwh4XgQP8DlJFLp5aLlOiiKdkTUIO1BX7clQtYTm8P0v7FqMKbsFiQInw==",
      "dependencies": {
        "preact": "~10.12.1"
      }
    },
    "node_modules/@fullcalendar/daygrid": {
      "version": "6.1.6",
      "resolved": "https://registry.npmjs.org/@fullcalendar/daygrid/-/daygrid-6.1.6.tgz",
      "integrity": "sha512-HKxprePWXRyg1Shn7p0CWgggFZVwvs+Pg0Z9uSvx6a58wP1yTbOoJHhSVv5CDsfjnq1a0y6DsJbPP/V2LDl6bg==",
      "peerDependencies": {
        "@fullcalendar/core": "~6.1.6"
      }
    },
    "node_modules/@fullcalendar/interaction": {
      "version": "6.1.6",
      "resolved": "https://registry.npmjs.org/@fullcalendar/interaction/-/interaction-6.1.6.tgz",
      "integrity": "sha512-6TjKbDHOkF3C9hIzIhxiTX5FCmNcaCeRk5CeKXHZiIi1Y8gQwIkUkwcZps5uj7PIvb3wNVw8FbF+RNRoloPUqQ==",
      "peerDependencies": {
        "@fullcalendar/core": "~6.1.6"
      }
    },
    "node_modules/@fullcalendar/list": {
      "version": "6.1.6",
      "resolved": "https://registry.npmjs.org/@fullcalendar/list/-/list-6.1.6.tgz",
      "integrity": "sha512-1zWDrVqQxQl/DLHIhLtig1iz/Gnh7hyOe4gEHSg169Om/+wYf8MRgFy8bGBqIFP2eS3Rk7mY3HVLvrkBxmR+wg==",
      "peerDependencies": {
        "@fullcalendar/core": "~6.1.6"
      }
    },
    "node_modules/@fullcalendar/multimonth": {
      "version": "6.1.6",
      "resolved": "https://registry.npmjs.org/@fullcalendar/multimonth/-/multimonth-6.1.6.tgz",
      "integrity": "sha512-e/BGKTbVC00QFwkk3olKEYzkV+8sTFCxy6/oKm2CCfDKoWuu9jkCf5fgGhiflZ0Y7V0CLQzADuuZsFIxz9DDJA==",
      "dependencies": {
        "@fullcalendar/daygrid": "~6.1.6"
      },
      "peerDependencies": {
        "@fullcalendar/core": "~6.1.6"
      }
    },
    "node_modules/@fullcalendar/premium-common": {
      "version": "6.1.6",
      "resolved": "https://registry.npmjs.org/@fullcalendar/premium-common/-/premium-common-6.1.6.tgz",
      "integrity": "sha512-sH5Rcwm8PnY6wc7NJw1nSo8SxsE7knGU/oni6mm0okz7SWavrVpNB1rw+SX9k1Ub7jMBsAgp+NoZ+r9HDeJPQw==",
      "peerDependencies": {
        "@fullcalendar/core": "~6.1.6"
      }
    },
    "node_modules/@fullcalendar/resource": {
      "version": "6.1.6",
      "resolved": "https://registry.npmjs.org/@fullcalendar/resource/-/resource-6.1.6.tgz",
      "integrity": "sha512-lV9ap5N79k0OEo1uer3mPHf305cCONXrdmzBtt39Aq1zFlfVU0jw++8SiN1uQzbSBtJuhMMRN68Il694iUzpSQ==",
      "dependencies": {
        "@fullcalendar/premium-common": "~6.1.6"
      },
      "peerDependencies": {
        "@fullcalendar/core": "~6.1.6"
      }
    },
    "node_modules/@fullcalendar/resource-daygrid": {
      "version": "6.1.6",
      "resolved": "https://registry.npmjs.org/@fullcalendar/resource-daygrid/-/resource-daygrid-6.1.6.tgz",
      "integrity": "sha512-K5PVuPqazaUSuE3SLqdMwDmZEfG69FL0/pBzrqItGkQeWwvnkQxieW5hgbVmEe7vZ3nlOveGw0D5WAkmyPlVig==",
      "dependencies": {
        "@fullcalendar/daygrid": "~6.1.6",
        "@fullcalendar/premium-common": "~6.1.6"
      },
      "peerDependencies": {
        "@fullcalendar/core": "~6.1.6",
        "@fullcalendar/resource": "~6.1.6"
      }
    },
    "node_modules/@fullcalendar/resource-timegrid": {
      "version": "6.1.6",
      "resolved": "https://registry.npmjs.org/@fullcalendar/resource-timegrid/-/resource-timegrid-6.1.6.tgz",
      "integrity": "sha512-EVGTsHFZvSqIlqJa9t4FhrEg2/2mVTPpcYRgQJ5w1UC8XP1Z7OdKfBF9z0kKQVsWkz01t14KA0E5XmuWe8VyyQ==",
      "dependencies": {
        "@fullcalendar/premium-common": "~6.1.6",
        "@fullcalendar/resource-daygrid": "~6.1.6",
        "@fullcalendar/timegrid": "~6.1.6"
      },
      "peerDependencies": {
        "@fullcalendar/core": "~6.1.6",
        "@fullcalendar/resource": "~6.1.6"
      }
    },
    "node_modules/@fullcalendar/resource-timeline": {
      "version": "6.1.6",
      "resolved": "https://registry.npmjs.org/@fullcalendar/resource-timeline/-/resource-timeline-6.1.6.tgz",
      "integrity": "sha512-OHh449Q3pjm9cx9RVffPK/sEc5DqkY5uOFsdWPlTI8TfdOu+7u8xhPnkv8d8e+HBFmWZRvdg5jw5Mk7D2DvJHA==",
      "dependencies": {
        "@fullcalendar/premium-common": "~6.1.6",
        "@fullcalendar/scrollgrid": "~6.1.6",
        "@fullcalendar/timeline": "~6.1.6"
      },
      "peerDependencies": {
        "@fullcalendar/core": "~6.1.6",
        "@fullcalendar/resource": "~6.1.6"
      }
    },
    "node_modules/@fullcalendar/scrollgrid": {
      "version": "6.1.6",
      "resolved": "https://registry.npmjs.org/@fullcalendar/scrollgrid/-/scrollgrid-6.1.6.tgz",
      "integrity": "sha512-sITkzzFeFziCRWpuF8IqVwCFrSw/DyJdDjHzCFG+CaRIT+2zN/v2mk/aX0GpisR9/A5Ne3HW2qWsW8bNgIEndw==",
      "dependencies": {
        "@fullcalendar/premium-common": "~6.1.6"
      },
      "peerDependencies": {
        "@fullcalendar/core": "~6.1.6"
      }
    },
    "node_modules/@fullcalendar/timegrid": {
      "version": "6.1.6",
      "resolved": "https://registry.npmjs.org/@fullcalendar/timegrid/-/timegrid-6.1.6.tgz",
      "integrity": "sha512-WqiGGmzNJeeIt4QjXuBlYTGHp4B+OUb7pYwREt1fer+9keNyG7dd48367pBdia8USk9B3Ep2oHC0aGypJGUFdA==",
      "dependencies": {
        "@fullcalendar/daygrid": "~6.1.6"
      },
      "peerDependencies": {
        "@fullcalendar/core": "~6.1.6"
      }
    },
    "node_modules/@fullcalendar/timeline": {
      "version": "6.1.6",
      "resolved": "https://registry.npmjs.org/@fullcalendar/timeline/-/timeline-6.1.6.tgz",
      "integrity": "sha512-tr2PKYV2YZt8fdkqe4oIbcUvjX5XZmzBeN3WZYPO9XroYsvrzoY31B78DJomH2fwQ84Ojr7MDDfvZ3uN2B01aQ==",
      "dependencies": {
        "@fullcalendar/premium-common": "~6.1.6",
        "@fullcalendar/scrollgrid": "~6.1.6"
      },
      "peerDependencies": {
        "@fullcalendar/core": "~6.1.6"
      }
    },
    "node_modules/fullcalendar": {
      "version": "6.1.6",
      "resolved": "https://registry.npmjs.org/fullcalendar/-/fullcalendar-6.1.6.tgz",
      "integrity": "sha512-lVdpPmL5cGXFO6IF/HCMYezQ82mg3G1FjIH9UOsXYzCvnFymFwDNGHCRrhtgPnmjIkC2CNTqSwf4RzXoVYUoSA==",
      "dependencies": {
        "@fullcalendar/core": "~6.1.6",
        "@fullcalendar/daygrid": "~6.1.6",
        "@fullcalendar/interaction": "~6.1.6",
        "@fullcalendar/list": "~6.1.6",
        "@fullcalendar/multimonth": "~6.1.6",
        "@fullcalendar/timegrid": "~6.1.6"
      }
    },
    "node_modules/fullcalendar-scheduler": {
      "version": "6.1.6",
      "resolved": "https://registry.npmjs.org/fullcalendar-scheduler/-/fullcalendar-scheduler-6.1.6.tgz",
      "integrity": "sha512-UjyWCX06TATG/paIWCvXbxS7UZd3cvv295jLZgiMEkIEJ3mjMZ/IdbKhdc7Zzb3WOyqORI0LXUyIgdKw6CXtdg==",
      "dependencies": {
        "@fullcalendar/adaptive": "~6.1.6",
        "@fullcalendar/core": "~6.1.6",
        "@fullcalendar/daygrid": "~6.1.6",
        "@fullcalendar/interaction": "~6.1.6",
        "@fullcalendar/list": "~6.1.6",
        "@fullcalendar/multimonth": "~6.1.6",
        "@fullcalendar/resource": "~6.1.6",
        "@fullcalendar/resource-daygrid": "~6.1.6",
        "@fullcalendar/resource-timegrid": "~6.1.6",
        "@fullcalendar/resource-timeline": "~6.1.6",
        "@fullcalendar/scrollgrid": "~6.1.6",
        "@fullcalendar/timegrid": "~6.1.6",
        "@fullcalendar/timeline": "~6.1.6"
      }
    },
    "node_modules/preact": {
      "version": "10.12.1",
      "resolved": "https://registry.npmjs.org/preact/-/preact-10.12.1.tgz",
      "integrity": "sha512-l8386ixSsBdbreOAkqtrwqHwdvR35ID8c3rKPa8lCWuO86dBi32QWHV4vfsZK1utLLFMvw+Z5Ad4XLkZzchscg==",
      "funding": {
        "type": "opencollective",
        "url": "https://opencollective.com/preact"
      }
    }
  }
}
